
Microsoft Visual Studio Solution File, Format Version 12.00
# Visual Studio 15
VisualStudioVersion = 15.0.28010.2026
MinimumVisualStudioVersion = 10.0.40219.1
Project("{FAE04EC0-301F-11D3-BF4B-00C04F79EFBC}") = "LcuRelogger", "LcuRelogger\LcuRelogger.csproj", "{136AB63E-EA2C-410A-8252-B6DF8FE74B6A}"
EndProject
Global
	GlobalSection(SolutionConfigurationPlatforms) = preSolution
		Debug|Any CPU = Debug|Any CPU
		Release|Any CPU = Release|Any CPU
	EndGlobalSection
	GlobalSection(ProjectConfigurationPlatforms) = postSolution
		{136AB63E-EA2C-410A-8252-B6DF8FE74B6A}.Debug|Any CPU.ActiveCfg = Debug|Any CPU
		{136AB63E-EA2C-410A-8252-B6DF8FE74B6A}.Debug|Any CPU.Build.0 = Debug|Any CPU
		{136AB63E-EA2C-410A-8252-B6DF8FE74B6A}.Release|Any CPU.ActiveCfg = Release|Any CPU
		{136AB63E-EA2C-410A-8252-B6DF8FE74B6A}.Release|Any CPU.Build.0 = Release|Any CPU
	EndGlobalSection
	GlobalSection(SolutionProperties) = preSolution
		HideSolutionNode = FALSE
	EndGlobalSection
	GlobalSection(ExtensibilityGlobals) = postSolution
		SolutionGuid = {0BAC2A55-C093-4AD7-9BA3-64794FAA8E0C}
	EndGlobalSection
EndGlobal
